{
    "_readme": [
        "This file locks the dependencies of your project to a known state",
        "Read more about it at https://getcomposer.org/doc/01-basic-usage.md#composer-lock-the-lock-file",
        "This file is @generated automatically"
    ],
    "content-hash": "1df85336c3583d778c3ce6dff213bffd",
    "packages": [
        {
            "name": "phpzm/phpee",
            "version": "dev-master",
            "source": {
                "type": "git",
                "url": "https://github.com/phpzm/phpee.git",
                "reference": "e36836442035090ab73ffa4c937b6d2cb70e0962"
            },
            "dist": {
                "type": "zip",
                "url": "https://api.github.com/repos/phpzm/phpee/zipball/e36836442035090ab73ffa4c937b6d2cb70e0962",
                "reference": "e36836442035090ab73ffa4c937b6d2cb70e0962",
                "shasum": ""
            },
            "type": "library",
            "autoload": {
                "psr-4": {
                    "Php\\": "src/"
                },
                "files": [
                    "bootstrap/index.php"
                ]
            },
            "license": [
                "MIT"
            ],
            "authors": [
                {
                    "name": "William Correa",
                    "email": "wilcorrea@gmail.com"
                }
            ],
            "description": "Library with same handlers to make php easier",
            "support": {
                "source": "https://github.com/phpzm/phpee/tree/master",
                "issues": "https://github.com/phpzm/phpee/issues"
            },
            "time": "2018-01-21T17:58:52+00:00"
        }
    ],
    "packages-dev": [],
    "aliases": [],
    "minimum-stability": "dev",
    "stability-flags": {
        "phpzm/phpee": 20
    },
    "prefer-stable": false,
    "prefer-lowest": false,
    "platform": [],
    "platform-dev": []
}
